<?xml version="1.0" encoding="utf-8"?>
<Project ToolsVersion="4.0" xmlns="http://schemas.microsoft.com/developer/msbuild/2003">
  <ItemGroup>
    <Filter Include="Source Files">
      <UniqueIdentifier>{4FC737F1-C7A5-4376-A066-2A32D752A2FF}</UniqueIdentifier>
      <Extensions>cpp;c;cc;cxx;c++;cppm;ixx;def;odl;idl;hpj;bat;asm;asmx</Extensions>
    </Filter>
    <Filter Include="Header Files">
      <UniqueIdentifier>{93995380-89BD-4b04-88EB-625FBE52EBFB}</UniqueIdentifier>
      <Extensions>h;hh;hpp;hxx;h++;hm;inl;inc;ipp;xsd</Extensions>
    </Filter>
    <Filter Include="Resource Files">
      <UniqueIdentifier>{67DA6AB6-F800-4c08-8B7A-83BB121AAD01}</UniqueIdentifier>
      <Extensions>rc;ico;cur;bmp;dlg;rc2;rct;bin;rgs;gif;jpg;jpeg;jpe;resx;tiff;tif;png;wav;mfcribbon-ms</Extensions>
    </Filter>
  </ItemGroup>
  <ItemGroup>
    <None Include="SDL2_mixer.dll" />
    <None Include="SDL2.dll" />
    <None Include="SDL2_image.dll" />
    <None Include="Assets\Audios\Stage-1\stage1.ogg" />
    <None Include="Assets\Audios\Hud-music\character selection.ogg" />
    <None Include="Assets\Audios\Hud-music\game over.ogg" />
    <None Include="Assets\Audios\Hud-music\musica-menu.ogg" />
    <None Include="Assets\Audios\Hud-music\ronda completada.ogg" />
    <None Include="Assets\Audios\Stage-1\boss stage1.ogg" />
  </ItemGroup>
  <ItemGroup>
    <ClInclude Include="Utils\Path.h">
      <Filter>Header Files</Filter>
    </ClInclude>
    <ClInclude Include="Utils\Animation.h">
      <Filter>Header Files</Filter>
    </ClInclude>
    <ClInclude Include="Utils\Collider.h">
      <Filter>Header Files</Filter>
    </ClInclude>
    <ClInclude Include="Utils\p2Point.h">
      <Filter>Header Files</Filter>
    </ClInclude>
    <ClInclude Include="Modules\Module.h">
      <Filter>Header Files</Filter>
    </ClInclude>
    <ClInclude Include="Modules\Gameplay\SceneStart.h">
      <Filter>Header Files</Filter>
    </ClInclude>
    <ClInclude Include="Modules\Gameplay\ModuleEnemies.h">
      <Filter>Header Files</Filter>
    </ClInclude>
    <ClInclude Include="Modules\Gameplay\ModulePlayer.h">
      <Filter>Header Files</Filter>
    </ClInclude>
    <ClInclude Include="Modules\Gameplay\SceneIntro.h">
      <Filter>Header Files</Filter>
    </ClInclude>
    <ClInclude Include="Modules\Gameplay\SceneLevel1.h">
      <Filter>Header Files</Filter>
    </ClInclude>
    <ClInclude Include="Modules\Core\ModuleWindow.h">
      <Filter>Header Files</Filter>
    </ClInclude>
    <ClInclude Include="Modules\Core\ModuleTextures.h">
      <Filter>Header Files</Filter>
    </ClInclude>
    <ClInclude Include="Modules\Core\ModuleRender.h">
      <Filter>Header Files</Filter>
    </ClInclude>
    <ClInclude Include="Modules\Core\ModuleParticles.h">
      <Filter>Header Files</Filter>
    </ClInclude>
    <ClInclude Include="Modules\Core\ModuleInput.h">
      <Filter>Header Files</Filter>
    </ClInclude>
    <ClInclude Include="Modules\Core\ModuleHUD.h">
      <Filter>Header Files</Filter>
    </ClInclude>
    <ClInclude Include="Modules\Core\ModuleAudio.h">
      <Filter>Header Files</Filter>
    </ClInclude>
    <ClInclude Include="Modules\Core\ModuleCollisions.h">
      <Filter>Header Files</Filter>
    </ClInclude>
    <ClInclude Include="Modules\Core\ModuleFadeToBlack.h">
      <Filter>Header Files</Filter>
    </ClInclude>
    <ClInclude Include="Modules\Core\ModuleFonts.h">
      <Filter>Header Files</Filter>
    </ClInclude>
    <ClInclude Include="Entities\Particle.h">
      <Filter>Header Files</Filter>
    </ClInclude>
    <ClInclude Include="Entities\Enemies\Boss_BreathDragon.h">
      <Filter>Header Files</Filter>
    </ClInclude>
    <ClInclude Include="Entities\Enemies\Enemy.h">
      <Filter>Header Files</Filter>
    </ClInclude>
    <ClInclude Include="Entities\Enemies\Enemy_BigTank.h">
      <Filter>Header Files</Filter>
    </ClInclude>
    <ClInclude Include="Entities\Enemies\Enemy_Bluebook.h">
      <Filter>Header Files</Filter>
    </ClInclude>
    <ClInclude Include="Entities\Enemies\Enemy_BOMB.h">
      <Filter>Header Files</Filter>
    </ClInclude>
    <ClInclude Include="Entities\Enemies\Enemy_CHESTBLUE.h">
      <Filter>Header Files</Filter>
    </ClInclude>
    <ClInclude Include="Entities\Enemies\Enemy_Coin.h">
      <Filter>Header Files</Filter>
    </ClInclude>
    <ClInclude Include="Entities\Enemies\Enemy_Dragon.h">
      <Filter>Header Files</Filter>
    </ClInclude>
    <ClInclude Include="Entities\Enemies\Enemy_FlyTank.h">
      <Filter>Header Files</Filter>
    </ClInclude>
    <ClInclude Include="Entities\Enemies\Enemy_Gold.h">
      <Filter>Header Files</Filter>
    </ClInclude>
    <ClInclude Include="Entities\Enemies\Enemy_GreenBook.h">
      <Filter>Header Files</Filter>
    </ClInclude>
    <ClInclude Include="Entities\Enemies\Enemy_GreenChess.h">
      <Filter>Header Files</Filter>
    </ClInclude>
    <ClInclude Include="Entities\Enemies\Enemy_MiniDragon.h">
      <Filter>Header Files</Filter>
    </ClInclude>
    <ClInclude Include="Entities\Enemies\Enemy_RedBall.h">
      <Filter>Header Files</Filter>
    </ClInclude>
    <ClInclude Include="Entities\Enemies\Enemy_RedBat.h">
      <Filter>Header Files</Filter>
    </ClInclude>
    <ClInclude Include="Entities\Enemies\Enemy_Redbook.h">
      <Filter>Header Files</Filter>
    </ClInclude>
    <ClInclude Include="Entities\Enemies\Enemy_RedChess.h">
      <Filter>Header Files</Filter>
    </ClInclude>
    <ClInclude Include="Entities\Enemies\Enemy_RedWizard.h">
      <Filter>Header Files</Filter>
    </ClInclude>
    <ClInclude Include="Entities\Enemies\Enemy_Tank.h">
      <Filter>Header Files</Filter>
    </ClInclude>
    <ClInclude Include="Entities\Enemies\Enemy_Turtle.h">
      <Filter>Header Files</Filter>
    </ClInclude>
    <ClInclude Include="Application\MemLeaks.h">
      <Filter>Header Files</Filter>
    </ClInclude>
    <ClInclude Include="Application\Application.h">
      <Filter>Header Files</Filter>
    </ClInclude>
    <ClInclude Include="Application\FileNames.h">
      <Filter>Header Files</Filter>
    </ClInclude>
    <ClInclude Include="Application\Globals.h">
      <Filter>Header Files</Filter>
    </ClInclude>
    <ClInclude Include="Modules\Gameplay\ModuleInsertCoin.h">
      <Filter>Header Files</Filter>
    </ClInclude>
    <ClInclude Include="Entities\Enemies\Enemy_Angel.h">
      <Filter>Header Files</Filter>
    </ClInclude>
    <ClInclude Include="Entities\Enemies\Enemy_Stagename.h">
      <Filter>Header Files</Filter>
    </ClInclude>
    <ClInclude Include="Entities\Enemies\Enemy_Flag.h">
      <Filter>Header Files</Filter>
    </ClInclude>
    <ClInclude Include="Entities\Enemies\Enemy_Num1.h">
      <Filter>Header Files</Filter>
    </ClInclude>
    <ClInclude Include="Modules\Gameplay\ScenePantallaLose.h">
    <ClInclude Include="Modules\Gameplay\SceneLevel1_Foreground.h">
      <Filter>Header Files</Filter>
    </ClInclude>
  </ItemGroup>
  <ItemGroup>
    <ClCompile Include="Utils\Collider.cpp">
      <Filter>Source Files</Filter>
    </ClCompile>
    <ClCompile Include="Utils\Path.cpp">
      <Filter>Source Files</Filter>
    </ClCompile>
    <ClCompile Include="Modules\Module.cpp">
      <Filter>Source Files</Filter>
    </ClCompile>
    <ClCompile Include="Modules\Gameplay\ModuleEnemies.cpp">
      <Filter>Source Files</Filter>
    </ClCompile>
    <ClCompile Include="Modules\Gameplay\ModulePlayer.cpp">
      <Filter>Source Files</Filter>
    </ClCompile>
    <ClCompile Include="Modules\Gameplay\SceneIntro.cpp">
      <Filter>Source Files</Filter>
    </ClCompile>
    <ClCompile Include="Modules\Gameplay\SceneLevel1.cpp">
      <Filter>Source Files</Filter>
    </ClCompile>
    <ClCompile Include="Modules\Gameplay\SceneStart.cpp">
      <Filter>Source Files</Filter>
    </ClCompile>
    <ClCompile Include="Modules\Core\ModuleWindow.cpp">
      <Filter>Source Files</Filter>
    </ClCompile>
    <ClCompile Include="Modules\Core\ModuleTextures.cpp">
      <Filter>Source Files</Filter>
    </ClCompile>
    <ClCompile Include="Modules\Core\ModuleRender.cpp">
      <Filter>Source Files</Filter>
    </ClCompile>
    <ClCompile Include="Modules\Core\ModuleParticles.cpp">
      <Filter>Source Files</Filter>
    </ClCompile>
    <ClCompile Include="Modules\Core\ModuleInput.cpp">
      <Filter>Source Files</Filter>
    </ClCompile>
    <ClCompile Include="Modules\Core\ModuleAudio.cpp">
      <Filter>Source Files</Filter>
    </ClCompile>
    <ClCompile Include="Modules\Core\ModuleCollisions.cpp">
      <Filter>Source Files</Filter>
    </ClCompile>
    <ClCompile Include="Modules\Core\ModuleFadeToBlack.cpp">
      <Filter>Source Files</Filter>
    </ClCompile>
    <ClCompile Include="Modules\Core\ModuleFonts.cpp">
      <Filter>Source Files</Filter>
    </ClCompile>
    <ClCompile Include="Modules\Core\ModuleHUD.cpp">
      <Filter>Source Files</Filter>
    </ClCompile>
    <ClCompile Include="Entities\Enemies\Boss_BreathDragon.cpp">
      <Filter>Source Files</Filter>
    </ClCompile>
    <ClCompile Include="Entities\Enemies\Enemy.cpp">
      <Filter>Source Files</Filter>
    </ClCompile>
    <ClCompile Include="Entities\Enemies\Enemy_BigTank.cpp">
      <Filter>Source Files</Filter>
    </ClCompile>
    <ClCompile Include="Entities\Enemies\Enemy_Bluebook.cpp">
      <Filter>Source Files</Filter>
    </ClCompile>
    <ClCompile Include="Entities\Enemies\Enemy_BOMB.cpp">
      <Filter>Source Files</Filter>
    </ClCompile>
    <ClCompile Include="Entities\Enemies\Enemy_CHESTBLUE.cpp">
      <Filter>Source Files</Filter>
    </ClCompile>
    <ClCompile Include="Entities\Enemies\Enemy_Coin.cpp">
      <Filter>Source Files</Filter>
    </ClCompile>
    <ClCompile Include="Entities\Enemies\Enemy_Dragon.cpp">
      <Filter>Source Files</Filter>
    </ClCompile>
    <ClCompile Include="Entities\Enemies\Enemy_FlyTank.cpp">
      <Filter>Source Files</Filter>
    </ClCompile>
    <ClCompile Include="Entities\Enemies\Enemy_Gold.cpp">
      <Filter>Source Files</Filter>
    </ClCompile>
    <ClCompile Include="Entities\Enemies\Enemy_GreenBook.cpp">
      <Filter>Source Files</Filter>
    </ClCompile>
    <ClCompile Include="Entities\Enemies\Enemy_GreenChess.cpp">
      <Filter>Source Files</Filter>
    </ClCompile>
    <ClCompile Include="Entities\Enemies\Enemy_MiniDragon.cpp">
      <Filter>Source Files</Filter>
    </ClCompile>
    <ClCompile Include="Entities\Enemies\Enemy_RedBall.cpp">
      <Filter>Source Files</Filter>
    </ClCompile>
    <ClCompile Include="Entities\Enemies\Enemy_RedBat.cpp">
      <Filter>Source Files</Filter>
    </ClCompile>
    <ClCompile Include="Entities\Enemies\Enemy_Redbook.cpp">
      <Filter>Source Files</Filter>
    </ClCompile>
    <ClCompile Include="Entities\Enemies\Enemy_RedChess.cpp">
      <Filter>Source Files</Filter>
    </ClCompile>
    <ClCompile Include="Entities\Enemies\Enemy_RedWizard.cpp">
      <Filter>Source Files</Filter>
    </ClCompile>
    <ClCompile Include="Entities\Enemies\Enemy_Tank.cpp">
      <Filter>Source Files</Filter>
    </ClCompile>
    <ClCompile Include="Entities\Enemies\Enemy_Turtle.cpp">
      <Filter>Source Files</Filter>
    </ClCompile>
    <ClCompile Include="Entities\Particle.cpp">
      <Filter>Source Files</Filter>
    </ClCompile>
    <ClCompile Include="Application\Application.cpp">
      <Filter>Source Files</Filter>
    </ClCompile>
    <ClCompile Include="Application\Globals.cpp">
      <Filter>Source Files</Filter>
    </ClCompile>
    <ClCompile Include="Application\Main.cpp">
      <Filter>Source Files</Filter>
    </ClCompile>
    <ClCompile Include="Modules\Gameplay\ModuleInsertCoin.cpp">
      <Filter>Source Files</Filter>
    </ClCompile>
    <ClCompile Include="Entities\Enemies\Enemy_Angel.cpp">
      <Filter>Source Files</Filter>
    </ClCompile>
    <ClCompile Include="Entities\Enemies\Enemy_Stagename.cpp">
      <Filter>Source Files</Filter>
    </ClCompile>
    <ClCompile Include="Entities\Enemies\Enemy_Flag.cpp">
      <Filter>Source Files</Filter>
    </ClCompile>
    <ClCompile Include="Entities\Enemies\Enemy_Num1.cpp">
      <Filter>Source Files</Filter>
    </ClCompile>
    <ClCompile Include="Modules\Gameplay\ScenePantallaLose.cpp">
    <ClCompile Include="Modules\Gameplay\SceneLevel1_Foreground.cpp">
      <Filter>Source Files</Filter>
    </ClCompile>
  </ItemGroup>
  <ItemGroup>
    <Image Include="Assets\Images\sprites-lluc-intro\holalluc.png">
      <Filter>Resource Files</Filter>
    </Image>
    <Image Include="Assets\Images\castillo\enemigos_varios.png">
      <Filter>Resource Files</Filter>
    </Image>
    <Image Include="Assets\Images\castillo\particulas.png">
      <Filter>Resource Files</Filter>
    </Image>
    <Image Include="Assets\Images\castillo\tanque.png">
      <Filter>Resource Files</Filter>
    </Image>
    <Image Include="Assets\Images\final-boss\finalbossnuevoo.png">
      <Filter>Resource Files</Filter>
    </Image>
    <Image Include="Assets\Images\final-boss\kill.png">
      <Filter>Resource Files</Filter>
    </Image>
    <Image Include="Assets\Images\Fonts\rtype_font.png">
      <Filter>Resource Files</Filter>
    </Image>
    <Image Include="Assets\Images\Fonts\rtype_font2.png">
      <Filter>Resource Files</Filter>
    </Image>
    <Image Include="Assets\Images\Fonts\stage1.png">
      <Filter>Resource Files</Filter>
    </Image>
    <Image Include="Assets\Images\Intro\alienabajofondo.png">
      <Filter>Resource Files</Filter>
    </Image>
    <Image Include="Assets\Images\Intro\alienarribafondo.png">
      <Filter>Resource Files</Filter>
    </Image>
    <Image Include="Assets\Images\Intro\Batman.png">
      <Filter>Resource Files</Filter>
    </Image>
    <Image Include="Assets\Images\Intro\Caras_de_los_personajes.png">
      <Filter>Resource Files</Filter>
    </Image>
    <Image Include="Assets\Images\Intro\cuartotextoBlanco.png">
      <Filter>Resource Files</Filter>
    </Image>
    <Image Include="Assets\Images\Intro\cuartotextoColor.png">
      <Filter>Resource Files</Filter>
    </Image>
    <Image Include="Assets\Images\Intro\explosiones.png">
      <Filter>Resource Files</Filter>
    </Image>
    <Image Include="Assets\Images\Intro\fondobatman.png">
      <Filter>Resource Files</Filter>
    </Image>
    <Image Include="Assets\Images\Intro\intropro.png">
      <Filter>Resource Files</Filter>
    </Image>
    <Image Include="Assets\Images\Intro\jovani.png">
      <Filter>Resource Files</Filter>
    </Image>
    <Image Include="Assets\Images\Intro\onepcolor.png">
      <Filter>Resource Files</Filter>
    </Image>
    <Image Include="Assets\Images\Intro\pantallainiciodos.png">
      <Filter>Resource Files</Filter>
    </Image>
    <Image Include="Assets\Images\Intro\pantallainiciouno.png">
      <Filter>Resource Files</Filter>
    </Image>
    <Image Include="Assets\Images\Intro\playerpick.png">
      <Filter>Resource Files</Filter>
    </Image>
    <Image Include="Assets\Images\Intro\primertextoBlanco.png">
      <Filter>Resource Files</Filter>
    </Image>
    <Image Include="Assets\Images\Intro\PrimertextoColor.png">
      <Filter>Resource Files</Filter>
    </Image>
    <Image Include="Assets\Images\Intro\quintotextoBlanco.png">
      <Filter>Resource Files</Filter>
    </Image>
    <Image Include="Assets\Images\Intro\quintotextoColor.png">
      <Filter>Resource Files</Filter>
    </Image>
    <Image Include="Assets\Images\Intro\Raizing.png">
      <Filter>Resource Files</Filter>
    </Image>
    <Image Include="Assets\Images\Intro\segundotextoBlanco.png">
      <Filter>Resource Files</Filter>
    </Image>
    <Image Include="Assets\Images\Intro\segundotextoColor.png">
      <Filter>Resource Files</Filter>
    </Image>
    <Image Include="Assets\Images\Intro\tercertextoBlanco.png">
      <Filter>Resource Files</Filter>
    </Image>
    <Image Include="Assets\Images\Intro\tercertextoColor.png">
      <Filter>Resource Files</Filter>
    </Image>
    <Image Include="Assets\Images\Outro\customone.png">
      <Filter>Resource Files</Filter>
    </Image>
    <Image Include="Assets\Images\Outro\customtwo.png">
      <Filter>Resource Files</Filter>
    </Image>
    <Image Include="Assets\Images\Outro\drugs.png">
      <Filter>Resource Files</Filter>
    </Image>
    <Image Include="Assets\Images\Outro\outroeight.png">
      <Filter>Resource Files</Filter>
    </Image>
    <Image Include="Assets\Images\Outro\outrofive.png">
      <Filter>Resource Files</Filter>
    </Image>
    <Image Include="Assets\Images\Outro\outrofour.png">
      <Filter>Resource Files</Filter>
    </Image>
    <Image Include="Assets\Images\Outro\outronine.png">
      <Filter>Resource Files</Filter>
    </Image>
    <Image Include="Assets\Images\Outro\outroone.png">
      <Filter>Resource Files</Filter>
    </Image>
    <Image Include="Assets\Images\Outro\outroseven.png">
      <Filter>Resource Files</Filter>
    </Image>
    <Image Include="Assets\Images\Outro\outrosix.png">
      <Filter>Resource Files</Filter>
    </Image>
    <Image Include="Assets\Images\Outro\outrothree.png">
      <Filter>Resource Files</Filter>
    </Image>
    <Image Include="Assets\Images\Outro\outrotwo.png">
      <Filter>Resource Files</Filter>
    </Image>
    <Image Include="Assets\Images\Outro\outrozero.png">
      <Filter>Resource Files</Filter>
    </Image>
    <Image Include="Assets\Images\Outro\special.png">
      <Filter>Resource Files</Filter>
    </Image>
    <Image Include="Assets\Images\pre-castillo\allprops.png">
      <Filter>Resource Files</Filter>
    </Image>
    <Image Include="Assets\Images\pre-castillo\arboles.png">
      <Filter>Resource Files</Filter>
    </Image>
    <Image Include="Assets\Images\pre-castillo\bosque.png">
      <Filter>Resource Files</Filter>
    </Image>
    <Image Include="Assets\Images\pre-castillo\castillo.png">
      <Filter>Resource Files</Filter>
    </Image>
    <Image Include="Assets\Images\pre-castillo\columnas_inicio.png">
      <Filter>Resource Files</Filter>
    </Image>
    <Image Include="Assets\Images\pre-castillo\comienzojuegofondo.png">
      <Filter>Resource Files</Filter>
    </Image>
    <Image Include="Assets\Images\pre-castillo\disparos_nave.png">
      <Filter>Resource Files</Filter>
    </Image>
    <Image Include="Assets\Images\pre-castillo\dragon.png">
      <Filter>Resource Files</Filter>
    </Image>
    <Image Include="Assets\Images\pre-castillo\enemies.png">
      <Filter>Resource Files</Filter>
    </Image>
    <Image Include="Assets\Images\pre-castillo\Explosions.png">
      <Filter>Resource Files</Filter>
    </Image>
    <Image Include="Assets\Images\pre-castillo\mar.png">
      <Filter>Resource Files</Filter>
    </Image>
    <Image Include="Assets\Images\pre-castillo\naves.png">
      <Filter>Resource Files</Filter>
    </Image>
    <Image Include="Assets\Images\pre-castillo\personas.png">
      <Filter>Resource Files</Filter>
    </Image>
    <Image Include="Assets\Images\sprites-lluc-intro\alienarribafondo.png">
      <Filter>Resource Files</Filter>
    </Image>
    <Image Include="Assets\Images\sprites-lluc-intro\alienepicardo.png">
      <Filter>Resource Files</Filter>
    </Image>
    <Image Include="Assets\Images\sprites-lluc-intro\alientocho.png">
      <Filter>Resource Files</Filter>
    </Image>
    <Image Include="Assets\Images\sprites-lluc-intro\caracuatro.png">
      <Filter>Resource Files</Filter>
    </Image>
    <Image Include="Assets\Images\sprites-lluc-intro\carados.png">
      <Filter>Resource Files</Filter>
    </Image>
    <Image Include="Assets\Images\sprites-lluc-intro\caratres.png">
      <Filter>Resource Files</Filter>
    </Image>
    <Image Include="Assets\Images\sprites-lluc-intro\carauno.png">
      <Filter>Resource Files</Filter>
    </Image>
  </ItemGroup>
  <ItemGroup>
    <Media Include="Assets\Audios\FX\bomba-jugador.wav">
      <Filter>Resource Files</Filter>
    </Media>
    <Media Include="Assets\Audios\FX\boss-dragon-stage-1.wav">
      <Filter>Resource Files</Filter>
    </Media>
    <Media Include="Assets\Audios\FX\choque-colision-efectoextra(por-identificar).wav">
      <Filter>Resource Files</Filter>
    </Media>
    <Media Include="Assets\Audios\FX\colision(revisar).wav">
      <Filter>Resource Files</Filter>
    </Media>
    <Media Include="Assets\Audios\FX\explosion(.wav">
      <Filter>Resource Files</Filter>
    </Media>
    <Media Include="Assets\Audios\FX\explosion(jugador-muerto).wav">
      <Filter>Resource Files</Filter>
    </Media>
    <Media Include="Assets\Audios\FX\explosion-muerte-enemiga.wav">
      <Filter>Resource Files</Filter>
    </Media>
    <Media Include="Assets\Audios\FX\explosion-objeto(terrestre-torreta).wav">
      <Filter>Resource Files</Filter>
    </Media>
    <Media Include="Assets\Audios\FX\mejora-recogida.wav">
      <Filter>Resource Files</Filter>
    </Media>
    <Media Include="Assets\Audios\FX\moneda.wav">
      <Filter>Resource Files</Filter>
    </Media>
    <Media Include="Assets\Audios\FX\pasos-tortuga-castillo.wav">
      <Filter>Resource Files</Filter>
    </Media>
    <Media Include="Assets\Audios\FX\token-insertado.wav">
      <Filter>Resource Files</Filter>
    </Media>
  </ItemGroup>
</Project>