<?xml version="1.0" encoding="utf-8"?>
<Project ToolsVersion="4.0" xmlns="http://schemas.microsoft.com/developer/msbuild/2003">
  <ItemGroup>
    <Filter Include="Source Files">
      <UniqueIdentifier>{4FC737F1-C7A5-4376-A066-2A32D752A2FF}</UniqueIdentifier>
      <Extensions>cpp;c;cc;cxx;c++;cppm;ixx;def;odl;idl;hpj;bat;asm;asmx</Extensions>
    </Filter>
    <Filter Include="Header Files">
      <UniqueIdentifier>{93995380-89BD-4b04-88EB-625FBE52EBFB}</UniqueIdentifier>
      <Extensions>h;hh;hpp;hxx;h++;hm;inl;inc;ipp;xsd</Extensions>
    </Filter>
    <Filter Include="Resource Files">
      <UniqueIdentifier>{67DA6AB6-F800-4c08-8B7A-83BB121AAD01}</UniqueIdentifier>
      <Extensions>rc;ico;cur;bmp;dlg;rc2;rct;bin;rgs;gif;jpg;jpeg;jpe;resx;tiff;tif;png;wav;mfcribbon-ms</Extensions>
    </Filter>
  </ItemGroup>
  <ItemGroup>
    <None Include="SDL2_mixer.dll" />
    <None Include="SDL2.dll" />
    <None Include="SDL2_image.dll" />
  </ItemGroup>
  <ItemGroup>
    <ClCompile Include="Application\Application.cpp">
      <Filter>Source Files</Filter>
    </ClCompile>
    <ClCompile Include="Application\Globals.cpp">
      <Filter>Source Files</Filter>
    </ClCompile>
    <ClCompile Include="Application\Main.cpp">
      <Filter>Source Files</Filter>
    </ClCompile>
    <ClCompile Include="Modules\Core\ModuleRender.cpp">
      <Filter>Source Files</Filter>
    </ClCompile>
    <ClCompile Include="Modules\Core\ModuleTextures.cpp">
      <Filter>Source Files</Filter>
    </ClCompile>
    <ClCompile Include="Modules\Core\ModuleWindow.cpp">
      <Filter>Source Files</Filter>
    </ClCompile>
    <ClCompile Include="Utils\Collider.cpp">
      <Filter>Source Files</Filter>
    </ClCompile>
    <ClCompile Include="Utils\Path.cpp">
      <Filter>Source Files</Filter>
    </ClCompile>
    <ClCompile Include="Modules\Gameplay\ModuleEnemies.cpp">
      <Filter>Source Files</Filter>
    </ClCompile>
    <ClCompile Include="Modules\Gameplay\ModulePlayer.cpp">
      <Filter>Source Files</Filter>
    </ClCompile>
    <ClCompile Include="Modules\Gameplay\SceneIntro.cpp">
      <Filter>Source Files</Filter>
    </ClCompile>
    <ClCompile Include="Modules\Gameplay\SceneLevel1.cpp">
      <Filter>Source Files</Filter>
    </ClCompile>
    <ClCompile Include="Modules\Core\ModuleAudio.cpp">
      <Filter>Source Files</Filter>
    </ClCompile>
    <ClCompile Include="Modules\Core\ModuleCollisions.cpp">
      <Filter>Source Files</Filter>
    </ClCompile>
    <ClCompile Include="Modules\Core\ModuleFadeToBlack.cpp">
      <Filter>Source Files</Filter>
    </ClCompile>
    <ClCompile Include="Modules\Core\ModuleFonts.cpp">
      <Filter>Source Files</Filter>
    </ClCompile>
    <ClCompile Include="Modules\Core\ModuleInput.cpp">
      <Filter>Source Files</Filter>
    </ClCompile>
    <ClCompile Include="Modules\Core\ModuleParticles.cpp">
      <Filter>Source Files</Filter>
    </ClCompile>
    <ClCompile Include="Entities\Particle.cpp">
      <Filter>Source Files</Filter>
    </ClCompile>
    <ClCompile Include="Entities\Enemies\Enemy.cpp">
      <Filter>Source Files</Filter>
    </ClCompile>
    <ClCompile Include="Modules\Module.cpp">
      <Filter>Source Files</Filter>
    </ClCompile>
    <ClCompile Include="Entities\Enemies\Enemy_CHESTBLUE.cpp">
      <Filter>Source Files</Filter>
    </ClCompile>
    <ClCompile Include="Entities\Enemies\Enemy_Dragon.cpp">
      <Filter>Source Files</Filter>
    </ClCompile>
    <ClCompile Include="Entities\Enemies\Enemy_RedBall.cpp">
      <Filter>Source Files</Filter>
    </ClCompile>
    <ClCompile Include="Entities\Enemies\Enemy_RedWizard.cpp">
      <Filter>Source Files</Filter>
    </ClCompile>
    <ClCompile Include="Modules\Core\ModuleHUD.cpp">
      <Filter>Source Files</Filter>
    </ClCompile>
    <ClCompile Include="Entities\Enemies\Enemy_Tank.cpp">
      <Filter>Source Files</Filter>
    </ClCompile>
    <ClCompile Include="Entities\Enemies\Enemy_RedChess.cpp">
      <Filter>Source Files</Filter>
    </ClCompile>
    <ClCompile Include="Entities\Enemies\Enemy_GreenChess.cpp">
      <Filter>Source Files</Filter>
    </ClCompile>
    <ClCompile Include="Entities\Enemies\Enemy_Turtle.cpp">
      <Filter>Source Files</Filter>
    </ClCompile>
    <ClCompile Include="Entities\Enemies\Enemy_MiniDragon.cpp">
    <Filter>Source Files</Filter>
    </ClCompile>
    <ClCompile Include="Modules\Gameplay\SceneStart.cpp">
      <Filter>Source Files</Filter>
    </ClCompile>
  </ItemGroup>
  <ItemGroup>
    <ClInclude Include="Application\Application.h">
      <Filter>Header Files</Filter>
    </ClInclude>
    <ClInclude Include="Application\FileNames.h">
      <Filter>Header Files</Filter>
    </ClInclude>
    <ClInclude Include="Application\Globals.h">
      <Filter>Header Files</Filter>
    </ClInclude>
    <ClInclude Include="Application\MemLeaks.h">
      <Filter>Header Files</Filter>
    </ClInclude>
    <ClInclude Include="Modules\Core\Module.h">
      <Filter>Header Files</Filter>
    </ClInclude>
    <ClInclude Include="Modules\Core\ModuleRender.h">
      <Filter>Header Files</Filter>
    </ClInclude>
    <ClInclude Include="Modules\Core\ModuleTextures.h">
      <Filter>Header Files</Filter>
    </ClInclude>
    <ClInclude Include="Modules\Core\ModuleWindow.h">
      <Filter>Header Files</Filter>
    </ClInclude>
    <ClInclude Include="Utils\Path.h">
      <Filter>Header Files</Filter>
    </ClInclude>
    <ClInclude Include="Utils\Animation.h">
      <Filter>Header Files</Filter>
    </ClInclude>
    <ClInclude Include="Utils\Collider.h">
      <Filter>Header Files</Filter>
    </ClInclude>
    <ClInclude Include="Utils\p2Point.h">
      <Filter>Header Files</Filter>
    </ClInclude>
    <ClInclude Include="Modules\Gameplay\SceneLevel1.h">
      <Filter>Header Files</Filter>
    </ClInclude>
    <ClInclude Include="Modules\Gameplay\ModuleEnemies.h">
      <Filter>Header Files</Filter>
    </ClInclude>
    <ClInclude Include="Modules\Gameplay\ModulePlayer.h">
      <Filter>Header Files</Filter>
    </ClInclude>
    <ClInclude Include="Modules\Gameplay\SceneIntro.h">
      <Filter>Header Files</Filter>
    </ClInclude>
    <ClInclude Include="Modules\Core\ModuleParticles.h">
      <Filter>Header Files</Filter>
    </ClInclude>
    <ClInclude Include="Modules\Core\ModuleAudio.h">
      <Filter>Header Files</Filter>
    </ClInclude>
    <ClInclude Include="Modules\Core\ModuleCollisions.h">
      <Filter>Header Files</Filter>
    </ClInclude>
    <ClInclude Include="Modules\Core\ModuleFadeToBlack.h">
      <Filter>Header Files</Filter>
    </ClInclude>
    <ClInclude Include="Modules\Core\ModuleFonts.h">
      <Filter>Header Files</Filter>
    </ClInclude>
    <ClInclude Include="Modules\Core\ModuleInput.h">
      <Filter>Header Files</Filter>
    </ClInclude>
    <ClInclude Include="Entities\Particle.h">
      <Filter>Header Files</Filter>
    </ClInclude>
    <ClInclude Include="Entities\Enemies\Enemy.h">
      <Filter>Header Files</Filter>
    </ClInclude>
    <ClInclude Include="Modules\Module.h">
      <Filter>Header Files</Filter>
    </ClInclude>
    <ClInclude Include="Entities\Enemies\Enemy_CHESTBLUE.h">
      <Filter>Header Files</Filter>
    </ClInclude>
    <ClInclude Include="Entities\Enemies\Enemy_Dragon.h">
      <Filter>Header Files</Filter>
    </ClInclude>
    <ClInclude Include="Entities\Enemies\Enemy_RedBall.h">
      <Filter>Header Files</Filter>
    </ClInclude>
    <ClInclude Include="Entities\Enemies\Enemy_RedWizard.h">
      <Filter>Header Files</Filter>
    </ClInclude>
    <ClInclude Include="Modules\Core\ModuleHUD.h">
      <Filter>Header Files</Filter>
    </ClInclude>
    <ClInclude Include="Entities\Enemies\Enemy_Tank.h">
      <Filter>Header Files</Filter>
    </ClInclude>
    <ClInclude Include="Entities\Enemies\Enemy_RedChess.h">
      <Filter>Header Files</Filter>
    </ClInclude>
    <ClInclude Include="Entities\Enemies\Enemy_GreenChess.h">
      <Filter>Header Files</Filter>
    </ClInclude>
    <ClInclude Include="Entities\Enemies\Enemy_Turtle.h">
      <Filter>Header Files</Filter>
    </ClInclude>
    <ClInclude Include="Entities\Enemies\Enemy_MiniDragon.h">
      <Filter>Header Files</Filter>
      </ClInclude>
    <ClInclude Include="Modules\Gameplay\SceneStart.h">
      <Filter>Header Files</Filter>
    </ClInclude>
  </ItemGroup>
</Project>